
Microsoft Visual Studio Solution File, Format Version 12.00
# Visual Studio Version 17
VisualStudioVersion = 17.0.32014.148
MinimumVisualStudioVersion = 10.0.40219.1
Project("{FAE04EC0-301F-11D3-BF4B-00C04F79EFBC}") = "CasinoPlayerWallet", "CasinoPlayerWallet\CasinoPlayerWallet.csproj", "{5F7BED16-34BA-4AC9-8E4D-F73091BC288C}"
EndProject
Global
	GlobalSection(SolutionConfigurationPlatforms) = preSolution
		Debug|Any CPU = Debug|Any CPU
		Release|Any CPU = Release|Any CPU
	EndGlobalSection
	GlobalSection(ProjectConfigurationPlatforms) = postSolution
		{5F7BED16-34BA-4AC9-8E4D-F73091BC288C}.Debug|Any CPU.ActiveCfg = Debug|Any CPU
		{5F7BED16-34BA-4AC9-8E4D-F73091BC288C}.Debug|Any CPU.Build.0 = Debug|Any CPU
		{5F7BED16-34BA-4AC9-8E4D-F73091BC288C}.Release|Any CPU.ActiveCfg = Release|Any CPU
		{5F7BED16-34BA-4AC9-8E4D-F73091BC288C}.Release|Any CPU.Build.0 = Release|Any CPU
	EndGlobalSection
	GlobalSection(SolutionProperties) = preSolution
		HideSolutionNode = FALSE
	EndGlobalSection
	GlobalSection(ExtensibilityGlobals) = postSolution
		SolutionGuid = {37E21FBC-8C95-4690-A4BD-BB2CF79ED013}
	EndGlobalSection
EndGlobal
